// !$*UTF8*$!
{
	archiveVersion = 1;
	classes = {
	};
	objectVersion = 56;
	objects = {

/* Begin PBXBuildFile section */
		AA0000000000000000000030 /* WhetstoneApp.swift in Sources */ = {isa = PBXBuildFile; fileRef = AA0000000000000000000010 /* WhetstoneApp.swift */; };
		AA0000000000000000000031 /* AIClient.swift in Sources */ = {isa = PBXBuildFile; fileRef = AA0000000000000000000011 /* AIClient.swift */; };
		AA0000000000000000000032 /* OpenAIChatClient.swift in Sources */ = {isa = PBXBuildFile; fileRef = AA0000000000000000000012 /* OpenAIChatClient.swift */; };
		AA0000000000000000000033 /* MentorTools.swift in Sources */ = {isa = PBXBuildFile; fileRef = AA0000000000000000000013 /* MentorTools.swift */; };
		AA0000000000000000000034 /* ChatMessage.swift in Sources */ = {isa = PBXBuildFile; fileRef = AA0000000000000000000014 /* ChatMessage.swift */; };
		AA0000000000000000000035 /* ChatView.swift in Sources */ = {isa = PBXBuildFile; fileRef = AA0000000000000000000015 /* ChatView.swift */; };
		AA0000000000000000000037 /* system_prompt.txt in Resources */ = {isa = PBXBuildFile; fileRef = AA0000000000000000000017 /* system_prompt.txt */; };
		AA0000000000000000000038 /* Assets.xcassets in Resources */ = {isa = PBXBuildFile; fileRef = AA0000000000000000000018 /* Assets.xcassets */; };
		AA0000000000000000000039 /* Preview Assets.xcassets in Resources */ = {isa = PBXBuildFile; fileRef = AA0000000000000000000019 /* Preview Assets.xcassets */; };
		AA0000000000000000000071 /* WhetstoneTheme.swift in Sources */ = {isa = PBXBuildFile; fileRef = AA0000000000000000000070 /* WhetstoneTheme.swift */; };
		AA0000000000000000000081 /* Conversation.swift in Sources */ = {isa = PBXBuildFile; fileRef = AA0000000000000000000080 /* Conversation.swift */; };
		AA0000000000000000000083 /* ConversationStore.swift in Sources */ = {isa = PBXBuildFile; fileRef = AA0000000000000000000082 /* ConversationStore.swift */; };
		AA0000000000000000000085 /* SidebarView.swift in Sources */ = {isa = PBXBuildFile; fileRef = AA0000000000000000000084 /* SidebarView.swift */; };
		AA0000000000000000000093 /* LiveCameraPiP.swift in Sources */ = {isa = PBXBuildFile; fileRef = AA0000000000000000000092 /* LiveCameraPiP.swift */; };
		AA0000000000000000000097 /* SVGDiagramWebView.swift in Sources */ = {isa = PBXBuildFile; fileRef = AA0000000000000000000096 /* SVGDiagramWebView.swift */; };
		AA00000000000000000000A0 /* WhetstoneConstants.swift in Sources */ = {isa = PBXBuildFile; fileRef = AA000000000000000000009D /* WhetstoneConstants.swift */; };
		AA00000000000000000000A1 /* SupabaseService.swift in Sources */ = {isa = PBXBuildFile; fileRef = AA000000000000000000009A /* SupabaseService.swift */; };
		AA00000000000000000000A2 /* AuthManager.swift in Sources */ = {isa = PBXBuildFile; fileRef = AA000000000000000000009B /* AuthManager.swift */; };
		AA00000000000000000000A3 /* LoginView.swift in Sources */ = {isa = PBXBuildFile; fileRef = AA000000000000000000009C /* LoginView.swift */; };
		AA00000000000000000000A4 /* ChatViewModel.swift in Sources */ = {isa = PBXBuildFile; fileRef = AA0000000000000000000098 /* ChatViewModel.swift */; };
		AA00000000000000000000C1 /* Supabase in Frameworks */ = {isa = PBXBuildFile; productRef = AA00000000000000000000C0 /* Supabase */; };
		AA00000000000000000000D6 /* ProfileView.swift in Sources */ = {isa = PBXBuildFile; fileRef = AA00000000000000000000D5 /* ProfileView.swift */; };
		AA00000000000000000000D8 /* ConversationPersistence.swift in Sources */ = {isa = PBXBuildFile; fileRef = AA00000000000000000000D7 /* ConversationPersistence.swift */; };
		AA00000000000000000000DA /* ConversationsAPIClient.swift in Sources */ = {isa = PBXBuildFile; fileRef = AA00000000000000000000D9 /* ConversationsAPIClient.swift */; };
/* End PBXBuildFile section */

/* Begin PBXFileReference section */
		6A279ABE2FB259B9000F0F60 /* Whetstone.entitlements */ = {isa = PBXFileReference; lastKnownFileType = text.plist.entitlements; path = Whetstone.entitlements; sourceTree = "<group>"; };
		AA0000000000000000000005 /* Whetstone.app */ = {isa = PBXFileReference; explicitFileType = wrapper.application; includeInIndex = 0; path = Whetstone.app; sourceTree = BUILT_PRODUCTS_DIR; };
		AA0000000000000000000010 /* WhetstoneApp.swift */ = {isa = PBXFileReference; lastKnownFileType = sourcecode.swift; path = WhetstoneApp.swift; sourceTree = "<group>"; };
		AA0000000000000000000011 /* AIClient.swift */ = {isa = PBXFileReference; lastKnownFileType = sourcecode.swift; path = AIClient.swift; sourceTree = "<group>"; };
		AA0000000000000000000012 /* OpenAIChatClient.swift */ = {isa = PBXFileReference; lastKnownFileType = sourcecode.swift; path = OpenAIChatClient.swift; sourceTree = "<group>"; };
		AA0000000000000000000013 /* MentorTools.swift */ = {isa = PBXFileReference; lastKnownFileType = sourcecode.swift; path = MentorTools.swift; sourceTree = "<group>"; };
		AA0000000000000000000014 /* ChatMessage.swift */ = {isa = PBXFileReference; lastKnownFileType = sourcecode.swift; path = ChatMessage.swift; sourceTree = "<group>"; };
		AA0000000000000000000015 /* ChatView.swift */ = {isa = PBXFileReference; lastKnownFileType = sourcecode.swift; path = ChatView.swift; sourceTree = "<group>"; };
		AA0000000000000000000017 /* system_prompt.txt */ = {isa = PBXFileReference; lastKnownFileType = text; path = system_prompt.txt; sourceTree = "<group>"; };
		AA0000000000000000000018 /* Assets.xcassets */ = {isa = PBXFileReference; lastKnownFileType = folder.assetcatalog; path = Assets.xcassets; sourceTree = "<group>"; };
		AA0000000000000000000019 /* Preview Assets.xcassets */ = {isa = PBXFileReference; lastKnownFileType = folder.assetcatalog; path = "Preview Assets.xcassets"; sourceTree = "<group>"; };
		AA0000000000000000000070 /* WhetstoneTheme.swift */ = {isa = PBXFileReference; lastKnownFileType = sourcecode.swift; path = WhetstoneTheme.swift; sourceTree = "<group>"; };
		AA0000000000000000000080 /* Conversation.swift */ = {isa = PBXFileReference; lastKnownFileType = sourcecode.swift; path = Conversation.swift; sourceTree = "<group>"; };
		AA0000000000000000000082 /* ConversationStore.swift */ = {isa = PBXFileReference; lastKnownFileType = sourcecode.swift; path = ConversationStore.swift; sourceTree = "<group>"; };
		AA0000000000000000000084 /* SidebarView.swift */ = {isa = PBXFileReference; lastKnownFileType = sourcecode.swift; path = SidebarView.swift; sourceTree = "<group>"; };
		AA0000000000000000000092 /* LiveCameraPiP.swift */ = {isa = PBXFileReference; lastKnownFileType = sourcecode.swift; path = LiveCameraPiP.swift; sourceTree = "<group>"; };
		AA0000000000000000000095 /* Info.plist */ = {isa = PBXFileReference; lastKnownFileType = text.plist.xml; path = Info.plist; sourceTree = "<group>"; };
		AA0000000000000000000096 /* SVGDiagramWebView.swift */ = {isa = PBXFileReference; lastKnownFileType = sourcecode.swift; path = SVGDiagramWebView.swift; sourceTree = "<group>"; };
		AA0000000000000000000098 /* ChatViewModel.swift */ = {isa = PBXFileReference; lastKnownFileType = sourcecode.swift; path = ChatViewModel.swift; sourceTree = "<group>"; };
		AA000000000000000000009A /* SupabaseService.swift */ = {isa = PBXFileReference; lastKnownFileType = sourcecode.swift; path = SupabaseService.swift; sourceTree = "<group>"; };
		AA000000000000000000009B /* AuthManager.swift */ = {isa = PBXFileReference; lastKnownFileType = sourcecode.swift; path = AuthManager.swift; sourceTree = "<group>"; };
		AA000000000000000000009C /* LoginView.swift */ = {isa = PBXFileReference; lastKnownFileType = sourcecode.swift; path = LoginView.swift; sourceTree = "<group>"; };
		AA000000000000000000009D /* WhetstoneConstants.swift */ = {isa = PBXFileReference; lastKnownFileType = sourcecode.swift; path = WhetstoneConstants.swift; sourceTree = "<group>"; };
		AA00000000000000000000D5 /* ProfileView.swift */ = {isa = PBXFileReference; lastKnownFileType = sourcecode.swift; path = ProfileView.swift; sourceTree = "<group>"; };
		AA00000000000000000000D7 /* ConversationPersistence.swift */ = {isa = PBXFileReference; lastKnownFileType = sourcecode.swift; path = ConversationPersistence.swift; sourceTree = "<group>"; };
		AA00000000000000000000D9 /* ConversationsAPIClient.swift */ = {isa = PBXFileReference; lastKnownFileType = sourcecode.swift; path = ConversationsAPIClient.swift; sourceTree = "<group>"; };
/* End PBXFileReference section */

/* Begin PBXFrameworksBuildPhase section */
		AA0000000000000000000042 /* Frameworks */ = {
			isa = PBXFrameworksBuildPhase;
			buildActionMask = 2147483647;
			files = (
				AA00000000000000000000C1 /* Supabase in Frameworks */,
			);
			runOnlyForDeploymentPostprocessing = 0;
		};
/* End PBXFrameworksBuildPhase section */

/* Begin PBXGroup section */
		AA0000000000000000000003 = {
			isa = PBXGroup;
			children = (
				AA0000000000000000000060 /* Whetstone */,
				AA0000000000000000000004 /* Products */,
			);
			sourceTree = "<group>";
		};
		AA0000000000000000000004 /* Products */ = {
			isa = PBXGroup;
			children = (
				AA0000000000000000000005 /* Whetstone.app */,
			);
			name = Products;
			sourceTree = "<group>";
		};
		AA0000000000000000000020 /* AI */ = {
			isa = PBXGroup;
			children = (
				AA0000000000000000000011 /* AIClient.swift */,
				AA0000000000000000000012 /* OpenAIChatClient.swift */,
				AA0000000000000000000013 /* MentorTools.swift */,
				AA00000000000000000000D9 /* ConversationsAPIClient.swift */,
			);
			path = AI;
			sourceTree = "<group>";
		};
		AA0000000000000000000021 /* Chat */ = {
			isa = PBXGroup;
			children = (
				AA0000000000000000000014 /* ChatMessage.swift */,
				AA0000000000000000000015 /* ChatView.swift */,
				AA0000000000000000000098 /* ChatViewModel.swift */,
				AA0000000000000000000092 /* LiveCameraPiP.swift */,
				AA0000000000000000000096 /* SVGDiagramWebView.swift */,
			);
			path = Chat;
			sourceTree = "<group>";
		};
		AA0000000000000000000022 /* Resources */ = {
			isa = PBXGroup;
			children = (
				AA0000000000000000000017 /* system_prompt.txt */,
			);
			path = Resources;
			sourceTree = "<group>";
		};
		AA0000000000000000000023 /* Preview Content */ = {
			isa = PBXGroup;
			children = (
				AA0000000000000000000019 /* Preview Assets.xcassets */,
			);
			path = "Preview Content";
			sourceTree = "<group>";
		};
		AA0000000000000000000060 /* Whetstone */ = {
			isa = PBXGroup;
			children = (
				6A279ABE2FB259B9000F0F60 /* Whetstone.entitlements */,
				AA0000000000000000000095 /* Info.plist */,
				AA0000000000000000000010 /* WhetstoneApp.swift */,
				AA0000000000000000000070 /* WhetstoneTheme.swift */,
				AA000000000000000000009D /* WhetstoneConstants.swift */,
				AA0000000000000000000020 /* AI */,
				AA0000000000000000000099 /* Auth */,
				AA0000000000000000000021 /* Chat */,
				AA0000000000000000000086 /* Conversation */,
				AA0000000000000000000022 /* Resources */,
				AA0000000000000000000018 /* Assets.xcassets */,
				AA0000000000000000000023 /* Preview Content */,
			);
			path = Whetstone;
			sourceTree = "<group>";
		};
		AA0000000000000000000086 /* Conversation */ = {
			isa = PBXGroup;
			children = (
				AA0000000000000000000080 /* Conversation.swift */,
				AA0000000000000000000082 /* ConversationStore.swift */,
				AA0000000000000000000084 /* SidebarView.swift */,
				AA00000000000000000000D7 /* ConversationPersistence.swift */,
			);
			path = Conversation;
			sourceTree = "<group>";
		};
		AA0000000000000000000099 /* Auth */ = {
			isa = PBXGroup;
			children = (
				AA000000000000000000009A /* SupabaseService.swift */,
				AA000000000000000000009B /* AuthManager.swift */,
				AA000000000000000000009C /* LoginView.swift */,
				AA00000000000000000000D5 /* ProfileView.swift */,
			);
			path = Auth;
			sourceTree = "<group>";
		};
/* End PBXGroup section */

/* Begin PBXNativeTarget section */
		AA0000000000000000000002 /* Whetstone */ = {
			isa = PBXNativeTarget;
			buildConfigurationList = AA0000000000000000000055 /* Build configuration list for PBXNativeTarget "Whetstone" */;
			buildPhases = (
				AA0000000000000000000040 /* Sources */,
				AA0000000000000000000041 /* Resources */,
				AA0000000000000000000042 /* Frameworks */,
			);
			buildRules = (
			);
			dependencies = (
			);
			name = Whetstone;
			packageProductDependencies = (
				AA00000000000000000000C0 /* Supabase */,
			);
			productName = Whetstone;
			productReference = AA0000000000000000000005 /* Whetstone.app */;
			productType = "com.apple.product-type.application";
		};
/* End PBXNativeTarget section */

/* Begin PBXProject section */
		AA0000000000000000000001 /* Project object */ = {
			isa = PBXProject;
			attributes = {
				BuildIndependentTargetsInParallel = 1;
				LastSwiftUpdateCheck = 1500;
				LastUpgradeCheck = 1500;
				TargetAttributes = {
					AA0000000000000000000002 = {
						CreatedOnToolsVersion = 15.0;
					};
				};
			};
			buildConfigurationList = AA0000000000000000000052 /* Build configuration list for PBXProject "Whetstone" */;
			compatibilityVersion = "Xcode 14.0";
			developmentRegion = en;
			hasScannedForEncodings = 0;
			knownRegions = (
				en,
				Base,
			);
			mainGroup = AA0000000000000000000003;
			packageReferences = (
				6A279ABD2FB2598D000F0F60 /* XCRemoteSwiftPackageReference "supabase-swift" */,
			);
			productRefGroup = AA0000000000000000000004 /* Products */;
			projectDirPath = "";
			projectRoot = "";
			targets = (
				AA0000000000000000000002 /* Whetstone */,
			);
		};
/* End PBXProject section */

/* Begin PBXResourcesBuildPhase section */
		AA0000000000000000000041 /* Resources */ = {
			isa = PBXResourcesBuildPhase;
			buildActionMask = 2147483647;
			files = (
				AA0000000000000000000039 /* Preview Assets.xcassets in Resources */,
				AA0000000000000000000037 /* system_prompt.txt in Resources */,
				AA0000000000000000000038 /* Assets.xcassets in Resources */,
			);
			runOnlyForDeploymentPostprocessing = 0;
		};
/* End PBXResourcesBuildPhase section */

/* Begin PBXSourcesBuildPhase section */
		AA0000000000000000000040 /* Sources */ = {
			isa = PBXSourcesBuildPhase;
			buildActionMask = 2147483647;
			files = (
				AA0000000000000000000030 /* WhetstoneApp.swift in Sources */,
				AA0000000000000000000031 /* AIClient.swift in Sources */,
				AA0000000000000000000032 /* OpenAIChatClient.swift in Sources */,
				AA0000000000000000000033 /* MentorTools.swift in Sources */,
				AA0000000000000000000034 /* ChatMessage.swift in Sources */,
				AA0000000000000000000035 /* ChatView.swift in Sources */,
				AA0000000000000000000071 /* WhetstoneTheme.swift in Sources */,
				AA0000000000000000000081 /* Conversation.swift in Sources */,
				AA0000000000000000000083 /* ConversationStore.swift in Sources */,
				AA0000000000000000000085 /* SidebarView.swift in Sources */,
				AA0000000000000000000093 /* LiveCameraPiP.swift in Sources */,
				AA0000000000000000000097 /* SVGDiagramWebView.swift in Sources */,
				AA00000000000000000000A4 /* ChatViewModel.swift in Sources */,
				AA00000000000000000000A0 /* WhetstoneConstants.swift in Sources */,
				AA00000000000000000000A1 /* SupabaseService.swift in Sources */,
				AA00000000000000000000A2 /* AuthManager.swift in Sources */,
				AA00000000000000000000A3 /* LoginView.swift in Sources */,
				AA00000000000000000000D6 /* ProfileView.swift in Sources */,
				AA00000000000000000000D8 /* ConversationPersistence.swift in Sources */,
				AA00000000000000000000DA /* ConversationsAPIClient.swift in Sources */,
			);
			runOnlyForDeploymentPostprocessing = 0;
		};
/* End PBXSourcesBuildPhase section */

/* Begin XCBuildConfiguration section */
		AA0000000000000000000050 /* Debug */ = {
			isa = XCBuildConfiguration;
			buildSettings = {
				ALWAYS_SEARCH_USER_PATHS = NO;
				ASSETCATALOG_COMPILER_GENERATE_SWIFT_ASSET_SYMBOL_EXTENSIONS = YES;
				CLANG_ANALYZER_NONNULL = YES;
				CLANG_ANALYZER_NUMBER_OBJECT_CONVERSION = YES_AGGRESSIVE;
				CLANG_CXX_LANGUAGE_STANDARD = "gnu++20";
				CLANG_ENABLE_MODULES = YES;
				CLANG_ENABLE_OBJC_ARC = YES;
				CLANG_ENABLE_OBJC_WEAK = YES;
				CLANG_WARN_BLOCK_CAPTURE_AUTORELEASING = YES;
				CLANG_WARN_BOOL_CONVERSION = YES;
				CLANG_WARN_COMMA = YES;
				CLANG_WARN_CONSTANT_CONVERSION = YES;
				CLANG_WARN_DEPRECATED_OBJC_IMPLEMENTATIONS = YES;
				CLANG_WARN_DIRECT_OBJC_ISA_USAGE = YES_ERROR;
				CLANG_WARN_DOCUMENTATION_COMMENTS = YES;
				CLANG_WARN_EMPTY_BODY = YES;
				CLANG_WARN_ENUM_CONVERSION = YES;
				CLANG_WARN_INFINITE_RECURSION = YES;
				CLANG_WARN_INT_CONVERSION = YES;
				CLANG_WARN_NON_LITERAL_NULL_CONVERSION = YES;
				CLANG_WARN_OBJC_IMPLICIT_RETAIN_CYCLE = YES;
				CLANG_WARN_OBJC_LITERAL_CONVERSION = YES;
				CLANG_WARN_OBJC_ROOT_CLASS = YES_ERROR;
				CLANG_WARN_QUOTED_INCLUDE_IN_FRAMEWORK_HEADER = YES;
				CLANG_WARN_RANGE_LOOP_ANALYSIS = YES;
				CLANG_WARN_STRICT_PROTOTYPES = YES;
				CLANG_WARN_SUSPICIOUS_MOVE = YES;
				CLANG_WARN_UNGUARDED_AVAILABILITY = YES_AGGRESSIVE;
				CLANG_WARN_UNREACHABLE_CODE = YES;
				CLANG_WARN__DUPLICATE_METHOD_MATCH = YES;
				COPY_PHASE_STRIP = NO;
				DEBUG_INFORMATION_FORMAT = dwarf;
				ENABLE_STRICT_OBJC_MSGSEND = YES;
				ENABLE_TESTABILITY = YES;
				ENABLE_USER_SCRIPT_SANDBOXING = YES;
				GCC_C_LANGUAGE_STANDARD = gnu17;
				GCC_DYNAMIC_NO_PIC = NO;
				GCC_NO_COMMON_BLOCKS = YES;
				GCC_OPTIMIZATION_LEVEL = 0;
				GCC_PREPROCESSOR_DEFINITIONS = (
					"DEBUG=1",
					"$(inherited)",
				);
				GCC_WARN_64_TO_32_BIT_CONVERSION = YES;
				GCC_WARN_ABOUT_RETURN_TYPE = YES_ERROR;
				GCC_WARN_UNDECLARED_SELECTOR = YES;
				GCC_WARN_UNINITIALIZED_AUTOS = YES_AGGRESSIVE;
				GCC_WARN_UNUSED_FUNCTION = YES;
				GCC_WARN_UNUSED_VARIABLE = YES;
				IPHONEOS_DEPLOYMENT_TARGET = 17.0;
				MTL_ENABLE_DEBUG_INFO = INCLUDE_SOURCE;
				MTL_FAST_MATH = YES;
				ONLY_ACTIVE_ARCH = YES;
				SDKROOT = iphoneos;
				SWIFT_ACTIVE_COMPILATION_CONDITIONS = DEBUG;
				SWIFT_OPTIMIZATION_LEVEL = "-Onone";
			};
			name = Debug;
		};
		AA0000000000000000000051 /* Release */ = {
			isa = XCBuildConfiguration;
			buildSettings = {
				ALWAYS_SEARCH_USER_PATHS = NO;
				ASSETCATALOG_COMPILER_GENERATE_SWIFT_ASSET_SYMBOL_EXTENSIONS = YES;
				CLANG_ANALYZER_NONNULL = YES;
				CLANG_ANALYZER_NUMBER_OBJECT_CONVERSION = YES_AGGRESSIVE;
				CLANG_CXX_LANGUAGE_STANDARD = "gnu++20";
				CLANG_ENABLE_MODULES = YES;
				CLANG_ENABLE_OBJC_ARC = YES;
				CLANG_ENABLE_OBJC_WEAK = YES;
				CLANG_WARN_BLOCK_CAPTURE_AUTORELEASING = YES;
				CLANG_WARN_BOOL_CONVERSION = YES;
				CLANG_WARN_COMMA = YES;
				CLANG_WARN_CONSTANT_CONVERSION = YES;
				CLANG_WARN_DEPRECATED_OBJC_IMPLEMENTATIONS = YES;
				CLANG_WARN_DIRECT_OBJC_ISA_USAGE = YES_ERROR;
				CLANG_WARN_DOCUMENTATION_COMMENTS = YES;
				CLANG_WARN_EMPTY_BODY = YES;
				CLANG_WARN_ENUM_CONVERSION = YES;
				CLANG_WARN_INFINITE_RECURSION = YES;
				CLANG_WARN_INT_CONVERSION = YES;
				CLANG_WARN_NON_LITERAL_NULL_CONVERSION = YES;
				CLANG_WARN_OBJC_IMPLICIT_RETAIN_CYCLE = YES;
				CLANG_WARN_OBJC_LITERAL_CONVERSION = YES;
				CLANG_WARN_OBJC_ROOT_CLASS = YES_ERROR;
				CLANG_WARN_QUOTED_INCLUDE_IN_FRAMEWORK_HEADER = YES;
				CLANG_WARN_RANGE_LOOP_ANALYSIS = YES;
				CLANG_WARN_STRICT_PROTOTYPES = YES;
				CLANG_WARN_SUSPICIOUS_MOVE = YES;
				CLANG_WARN_UNGUARDED_AVAILABILITY = YES_AGGRESSIVE;
				CLANG_WARN_UNREACHABLE_CODE = YES;
				CLANG_WARN__DUPLICATE_METHOD_MATCH = YES;
				COPY_PHASE_STRIP = NO;
				DEBUG_INFORMATION_FORMAT = "dwarf-with-dsym";
				ENABLE_NS_ASSERTIONS = NO;
				ENABLE_STRICT_OBJC_MSGSEND = YES;
				ENABLE_USER_SCRIPT_SANDBOXING = YES;
				GCC_C_LANGUAGE_STANDARD = gnu17;
				GCC_NO_COMMON_BLOCKS = YES;
				GCC_WARN_64_TO_32_BIT_CONVERSION = YES;
				GCC_WARN_ABOUT_RETURN_TYPE = YES_ERROR;
				GCC_WARN_UNDECLARED_SELECTOR = YES;
				GCC_WARN_UNINITIALIZED_AUTOS = YES_AGGRESSIVE;
				GCC_WARN_UNUSED_FUNCTION = YES;
				GCC_WARN_UNUSED_VARIABLE = YES;
				IPHONEOS_DEPLOYMENT_TARGET = 17.0;
				MTL_FAST_MATH = YES;
				SDKROOT = iphoneos;
				SWIFT_COMPILATION_MODE = wholemodule;
				SWIFT_OPTIMIZATION_LEVEL = "-O";
				VALIDATE_PRODUCT = YES;
			};
			name = Release;
		};
		AA0000000000000000000053 /* Debug */ = {
			isa = XCBuildConfiguration;
			buildSettings = {
				ASSETCATALOG_COMPILER_APPICON_NAME = AppIcon;
				ASSETCATALOG_COMPILER_GLOBAL_ACCENT_COLOR_NAME = AccentColor;
				CODE_SIGN_ENTITLEMENTS = Whetstone/Whetstone.entitlements;
				CODE_SIGN_STYLE = Automatic;
				CURRENT_PROJECT_VERSION = 1;
				DEVELOPMENT_ASSET_PATHS = "\"Whetstone/Preview Content\"";
				DEVELOPMENT_TEAM = 3U49743Z3T;
				ENABLE_PREVIEWS = YES;
				GENERATE_INFOPLIST_FILE = YES;
				INFOPLIST_FILE = Whetstone/Info.plist;
				INFOPLIST_KEY_CFBundleIconName = AppIcon;
				INFOPLIST_KEY_NSCameraUsageDescription = "Whetstone uses the camera for an optional live preview—tap the preview to capture a photo for your mentor.";
				INFOPLIST_KEY_NSPhotoLibraryUsageDescription = "Whetstone can read photos you choose from your library—including shots saved from the Camera app—to attach them for your mentor.";
				INFOPLIST_KEY_UIApplicationSceneManifest_Generation = YES;
				INFOPLIST_KEY_UIApplicationSupportsIndirectInputEvents = YES;
				INFOPLIST_KEY_UILaunchScreen_Generation = YES;
				INFOPLIST_KEY_UIRequiresFullScreen = YES;
				INFOPLIST_KEY_UISupportedInterfaceOrientations = UIInterfaceOrientationPortrait;
				LD_RUNPATH_SEARCH_PATHS = (
					"$(inherited)",
					"@executable_path/Frameworks",
				);
				MARKETING_VERSION = 1.0;
				PRODUCT_BUNDLE_IDENTIFIER = com.thoutz.whetstone;
				PRODUCT_NAME = "$(TARGET_NAME)";
				SWIFT_EMIT_LOC_STRINGS = YES;
				SWIFT_VERSION = 5.0;
				TARGETED_DEVICE_FAMILY = "1,2";
			};
			name = Debug;
		};
		AA0000000000000000000054 /* Release */ = {
			isa = XCBuildConfiguration;
			buildSettings = {
				ASSETCATALOG_COMPILER_APPICON_NAME = AppIcon;
				ASSETCATALOG_COMPILER_GLOBAL_ACCENT_COLOR_NAME = AccentColor;
				CODE_SIGN_ENTITLEMENTS = Whetstone/Whetstone.entitlements;
				CODE_SIGN_STYLE = Automatic;
				CURRENT_PROJECT_VERSION = 1;
				DEVELOPMENT_ASSET_PATHS = "\"Whetstone/Preview Content\"";
				DEVELOPMENT_TEAM = 3U49743Z3T;
				ENABLE_PREVIEWS = YES;
				GENERATE_INFOPLIST_FILE = YES;
				INFOPLIST_FILE = Whetstone/Info.plist;
				INFOPLIST_KEY_CFBundleIconName = AppIcon;
				INFOPLIST_KEY_NSCameraUsageDescription = "Whetstone uses the camera for an optional live preview—tap the preview to capture a photo for your mentor.";
				INFOPLIST_KEY_NSPhotoLibraryUsageDescription = "Whetstone can read photos you choose from your library—including shots saved from the Camera app—to attach them for your mentor.";
				INFOPLIST_KEY_UIApplicationSceneManifest_Generation = YES;
				INFOPLIST_KEY_UIApplicationSupportsIndirectInputEvents = YES;
				INFOPLIST_KEY_UILaunchScreen_Generation = YES;
				INFOPLIST_KEY_UIRequiresFullScreen = YES;
				INFOPLIST_KEY_UISupportedInterfaceOrientations = UIInterfaceOrientationPortrait;
				LD_RUNPATH_SEARCH_PATHS = (
					"$(inherited)",
					"@executable_path/Frameworks",
				);
				MARKETING_VERSION = 1.0;
				PRODUCT_BUNDLE_IDENTIFIER = com.thoutz.whetstone;
				PRODUCT_NAME = "$(TARGET_NAME)";
				SWIFT_EMIT_LOC_STRINGS = YES;
				SWIFT_VERSION = 5.0;
				TARGETED_DEVICE_FAMILY = "1,2";
			};
			name = Release;
		};
/* End XCBuildConfiguration section */

/* Begin XCConfigurationList section */
		AA0000000000000000000052 /* Build configuration list for PBXProject "Whetstone" */ = {
			isa = XCConfigurationList;
			buildConfigurations = (
				AA0000000000000000000050 /* Debug */,
				AA0000000000000000000051 /* Release */,
			);
			defaultConfigurationIsVisible = 0;
			defaultConfigurationName = Release;
		};
		AA0000000000000000000055 /* Build configuration list for PBXNativeTarget "Whetstone" */ = {
			isa = XCConfigurationList;
			buildConfigurations = (
				AA0000000000000000000053 /* Debug */,
				AA0000000000000000000054 /* Release */,
			);
			defaultConfigurationIsVisible = 0;
			defaultConfigurationName = Release;
		};
/* End XCConfigurationList section */

/* Begin XCRemoteSwiftPackageReference section */
		6A279ABD2FB2598D000F0F60 /* XCRemoteSwiftPackageReference "supabase-swift" */ = {
			isa = XCRemoteSwiftPackageReference;
			repositoryURL = "https://github.com/supabase/supabase-swift";
			requirement = {
				kind = upToNextMajorVersion;
				minimumVersion = 2.5.1;
			};
		};
/* End XCRemoteSwiftPackageReference section */

/* Begin XCSwiftPackageProductDependency section */
		AA00000000000000000000C0 /* Supabase */ = {
			isa = XCSwiftPackageProductDependency;
			package = 6A279ABD2FB2598D000F0F60 /* XCRemoteSwiftPackageReference "supabase-swift" */;
			productName = Supabase;
		};
/* End XCSwiftPackageProductDependency section */
	};
	rootObject = AA0000000000000000000001 /* Project object */;
}
